
Microsoft Visual Studio Solution File, Format Version 12.00
# Visual Studio Version 17
VisualStudioVersion = 17.14.36518.9 d17.14
MinimumVisualStudioVersion = 10.0.40219.1
Project("{FAE04EC0-301F-11D3-BF4B-00C04F79EFBC}") = "ShopList.Gui", "ShopList.Gui\ShopList.Gui.csproj", "{C2AE6DC8-0FB5-441E-9782-D68F83F51C87}"
EndProject
Global
	GlobalSection(SolutionConfigurationPlatforms) = preSolution
		Debug|Any CPU = Debug|Any CPU
		Release|Any CPU = Release|Any CPU
	EndGlobalSection
	GlobalSection(ProjectConfigurationPlatforms) = postSolution
		{C2AE6DC8-0FB5-441E-9782-D68F83F51C87}.Debug|Any CPU.ActiveCfg = Debug|Any CPU
		{C2AE6DC8-0FB5-441E-9782-D68F83F51C87}.Debug|Any CPU.Build.0 = Debug|Any CPU
		{C2AE6DC8-0FB5-441E-9782-D68F83F51C87}.Release|Any CPU.ActiveCfg = Release|Any CPU
		{C2AE6DC8-0FB5-441E-9782-D68F83F51C87}.Release|Any CPU.Build.0 = Release|Any CPU
	EndGlobalSection
	GlobalSection(SolutionProperties) = preSolution
		HideSolutionNode = FALSE
	EndGlobalSection
	GlobalSection(ExtensibilityGlobals) = postSolution
		SolutionGuid = {F2032474-311C-4AC0-9C7A-8C33648AEB07}
	EndGlobalSection
EndGlobal
